lockfileVersion: '9.0'

settings:
  autoInstallPeers: true
  excludeLinksFromLockfile: false

overrides:
  '@bytecodealliance/weval': 0.5.0

importers:

  jco-issue-1390/callee:
    devDependencies:
      '@bytecodealliance/componentize-js':
        specifier: ^0.22.0
        version: 0.22.0(@emnapi/core@1.10.0)(@emnapi/runtime@1.10.0)

packages:

  '@bytecodealliance/componentize-js@0.19.3':
    resolution: {integrity: sha512-ju7Y4WeF0B9uMkSPHJgmT6ouEfSwbe9M1uR/YOnYZjBpxJjH9qzxIkJg/kf8NycVDyFJ2/lscmJ1E1uPiDQVRQ==}
    hasBin: true

  '@bytecodealliance/componentize-js@0.20.0':
    resolution: {integrity: sha512-JPRYUTD8v1QUsZ5eqhCtQR7amOTugjV2ofSjFv1/zAGksf4AZUoCFYiKTQ61E+hKUVNJKIdYLOw+stGqAL9qAg==}
    hasBin: true

  '@bytecodealliance/componentize-js@0.22.0':
    resolution: {integrity: sha512-sscwKDazGgMWZkS6azvY66tY3X09nzl58jn9j6X0E9/V4B5hCXTI+v7PFUyLowKYgu8MG4FJsSvCpq64lSXsIA==}
    hasBin: true

  '@bytecodealliance/jco@1.19.0':
    resolution: {integrity: sha512-I57cVbL24/u/zCBwHq7D9PyIMP81hFFYF4hL/pW5biRGVLQAZuwEAUaEmghOouyt77bU2ExqscP2wkLvr3nfDw==}
    hasBin: true

  '@bytecodealliance/preview2-shim@0.17.9':
    resolution: {integrity: sha512-i0R3eQBe6PA/o/1EFE3Owe4In2rcccb6QxnjpntM/lPe3/duJ0bRQTVZM2Ufpo99X4eofGeltQUkape1C91FFA==}

  '@bytecodealliance/weval@0.5.0':
    resolution: {integrity: sha512-lIR6+enn52gcdMQM8C3YaNoUlzm90TRkJrIgiVky/hED81ezDjhnq+6Z4w0eSFf9C6b2nmdKUFwbp6q1PhiuIQ==}
    engines: {node: '>=16'}

  '@bytecodealliance/wizer-darwin-arm64@10.0.0':
    resolution: {integrity: sha512-dhZTWel+xccGTKSJtI9A7oM4yyP20FWflsT+AoqkOqkCY7kCNrj4tmMtZ6GXZFRDkrPY5+EnOh62sfShEibAMA==}
    cpu: [arm64]
    os: [darwin]
    hasBin: true

  '@bytecodealliance/wizer-darwin-x64@10.0.0':
    resolution: {integrity: sha512-r/LUIZw6Q3Hf4htd46mD+EBxfwjBkxVIrTM1r+B2pTCddoBYQnKVdVsI4UFyy7NoBxzEg8F8BwmTNoSLmFRjpw==}
    cpu: [x64]
    os: [darwin]
    hasBin: true

  '@bytecodealliance/wizer-linux-arm64@10.0.0':
    resolution: {integrity: sha512-pGSfFWXzeTqHm6z1PtVaEn+7Fm3QGC8YnHrzBV4sQDVS3N1NwmuHZAc8kslmlFPNdu61ycEvdOsSgCny8JPQvg==}
    cpu: [arm64]
    os: [linux]
    hasBin: true

  '@bytecodealliance/wizer-linux-s390x@10.0.0':
    resolution: {integrity: sha512-O8vHxRTAdb1lUnVXMIMTcp/9q4pq1D4iIKigJCipg2JN15taV9uFAWh0fO88wylXwuSlO7dOE1AwQl54fMKXQg==}
    cpu: [s390x]
    os: [linux]
    hasBin: true

  '@bytecodealliance/wizer-linux-x64@10.0.0':
    resolution: {integrity: sha512-fJtM1sy43FBMnp+xpapFX6U1YdTBKA/1T4CYfG/qeE8jn0SXk2EuiYoY/EnC2uyNy9hjTrvfdYO5n4MXW0EIdQ==}
    cpu: [x64]
    os: [linux]
    hasBin: true

  '@bytecodealliance/wizer-win32-x64@10.0.0':
    resolution: {integrity: sha512-55BPLfGT7iT7gH5M69NpTM16QknJZ7OxJ0z73VOEoeGA9CT8QPKMRzFKsPIvLs+W8G28fdudFA94nElrdkp3Kg==}
    cpu: [x64]
    os: [win32]
    hasBin: true

  '@bytecodealliance/wizer@10.0.0':
    resolution: {integrity: sha512-ziWmovyu1jQl9TsKlfC2bwuUZwxVPFHlX4fOqTzxhgS76jITIo45nzODEwPgU+jjmOr8F3YX2V2wAChC5NKujg==}
    engines: {node: '>=16'}
    hasBin: true

  '@emnapi/core@1.10.0':
    resolution: {integrity: sha512-yq6OkJ4p82CAfPl0u9mQebQHKPJkY7WrIuk205cTYnYe+k2Z8YBh11FrbRG/H6ihirqcacOgl2BIO8oyMQLeXw==}

  '@emnapi/runtime@1.10.0':
    resolution: {integrity: sha512-ewvYlk86xUoGI0zQRNq/mC+16R1QeDlKQy21Ki3oSYXNgLb45GV1P6A0M+/s6nyCuNDqe5VpaY84BzXGwVbwFA==}

  '@emnapi/wasi-threads@1.2.1':
    resolution: {integrity: sha512-uTII7OYF+/Mes/MrcIOYp5yOtSMLBWSIoLPpcgwipoiKbli6k322tcoFsxoIIxPDqW01SQGAgko4EzZi2BNv2w==}

  '@isaacs/fs-minipass@4.0.1':
    resolution: {integrity: sha512-wgm9Ehl2jpeqP3zw/7mo3kRHFp5MEDhqAdwy1fTGkHAwnkGOVsgpvQhL8B5n1qlb01jV3n/bI0ZfZp5lWA1k4w==}
    engines: {node: '>=18.0.0'}

  '@jridgewell/gen-mapping@0.3.13':
    resolution: {integrity: sha512-2kkt/7niJ6MgEPxF0bYdQ6etZaA+fQvDcLKckhy1yIQOzaoKjBBjSj63/aLVjYE3qhRt5dvM+uUyfCg6UKCBbA==}

  '@jridgewell/resolve-uri@3.1.2':
    resolution: {integrity: sha512-bRISgCIjP20/tbWSPWMEi54QVPRZExkuD9lJL+UIxUKtwVJA8wW1Trb1jMs1RFXo1CBTNZ/5hpC9QvmKWdopKw==}
    engines: {node: '>=6.0.0'}

  '@jridgewell/source-map@0.3.11':
    resolution: {integrity: sha512-ZMp1V8ZFcPG5dIWnQLr3NSI1MiCU7UETdS/A0G8V/XWHvJv3ZsFqutJn1Y5RPmAPX6F3BiE397OqveU/9NCuIA==}

  '@jridgewell/sourcemap-codec@1.5.5':
    resolution: {integrity: sha512-cYQ9310grqxueWbl+WuIUIaiUaDcj7WOq5fVhEljNVgRfOUhY9fy2zTvfoqWsnebh8Sl70VScFbICvJnLKB0Og==}

  '@jridgewell/trace-mapping@0.3.31':
    resolution: {integrity: sha512-zzNR+SdQSDJzc8joaeP8QQoCQr8NuYx2dIIytl1QeBEZHJ9uW6hebsrYgbz8hJwUQao3TWCMtmfV8Nu1twOLAw==}

  '@napi-rs/lzma-android-arm-eabi@1.4.5':
    resolution: {integrity: sha512-Up4gpyw2SacmyKWWEib06GhiDdF+H+CCU0LAV8pnM4aJIDqKKd5LHSlBht83Jut6frkB0vwEPmAkv4NjQ5u//Q==}
    engines: {node: '>= 10'}
    cpu: [arm]
    os: [android]

  '@napi-rs/lzma-android-arm64@1.4.5':
    resolution: {integrity: sha512-uwa8sLlWEzkAM0MWyoZJg0JTD3BkPknvejAFG2acUA1raXM8jLrqujWCdOStisXhqQjZ2nDMp3FV6cs//zjfuQ==}
    engines: {node: '>= 10'}
    cpu: [arm64]
    os: [android]

  '@napi-rs/lzma-darwin-arm64@1.4.5':
    resolution: {integrity: sha512-0Y0TQLQ2xAjVabrMDem1NhIssOZzF/y/dqetc6OT8mD3xMTDtF8u5BqZoX3MyPc9FzpsZw4ksol+w7DsxHrpMA==}
    engines: {node: '>= 10'}
    cpu: [arm64]
    os: [darwin]

  '@napi-rs/lzma-darwin-x64@1.4.5':
    resolution: {integrity: sha512-vR2IUyJY3En+V1wJkwmbGWcYiT8pHloTAWdW4pG24+51GIq+intst6Uf6D/r46citObGZrlX0QvMarOkQeHWpw==}
    engines: {node: '>= 10'}
    cpu: [x64]
    os: [darwin]

  '@napi-rs/lzma-freebsd-x64@1.4.5':
    resolution: {integrity: sha512-XpnYQC5SVovO35tF0xGkbHYjsS6kqyNCjuaLQ2dbEblFRr5cAZVvsJ/9h7zj/5FluJPJRDojVNxGyRhTp4z2lw==}
    engines: {node: '>= 10'}
    cpu: [x64]
    os: [freebsd]

  '@napi-rs/lzma-linux-arm-gnueabihf@1.4.5':
    resolution: {integrity: sha512-ic1ZZMoRfRMwtSwxkyw4zIlbDZGC6davC9r+2oX6x9QiF247BRqqT94qGeL5ZP4Vtz0Hyy7TEViWhx5j6Bpzvw==}
    engines: {node: '>= 10'}
    cpu: [arm]
    os: [linux]

  '@napi-rs/lzma-linux-arm64-gnu@1.4.5':
    resolution: {integrity: sha512-asEp7FPd7C1Yi6DQb45a3KPHKOFBSfGuJWXcAd4/bL2Fjetb2n/KK2z14yfW8YC/Fv6x3rBM0VAZKmJuz4tysg==}
    engines: {node: '>= 10'}
    cpu: [arm64]
    os: [linux]
    libc: [glibc]

  '@napi-rs/lzma-linux-arm64-musl@1.4.5':
    resolution: {integrity: sha512-yWjcPDgJ2nIL3KNvi4536dlT/CcCWO0DUyEOlBs/SacG7BeD6IjGh6yYzd3/X1Y3JItCbZoDoLUH8iB1lTXo3w==}
    engines: {node: '>= 10'}
    cpu: [arm64]
    os: [linux]
    libc: [musl]

  '@napi-rs/lzma-linux-ppc64-gnu@1.4.5':
    resolution: {integrity: sha512-0XRhKuIU/9ZjT4WDIG/qnX7Xz7mSQHYZo9Gb3MP2gcvBgr6BA4zywQ9k3gmQaPn9ECE+CZg2V7DV7kT+x2pUMQ==}
    engines: {node: '>= 10'}
    cpu: [ppc64]
    os: [linux]
    libc: [glibc]

  '@napi-rs/lzma-linux-riscv64-gnu@1.4.5':
    resolution: {integrity: sha512-QrqDIPEUUB23GCpyQj/QFyMlr8SGxxyExeZz9OWFnHfb70kXdTLWrHS/hEI1Ru+lSbQ/6xRqeoGyQ4Aqdg+/RA==}
    engines: {node: '>= 10'}
    cpu: [riscv64]
    os: [linux]
    libc: [glibc]

  '@napi-rs/lzma-linux-s390x-gnu@1.4.5':
    resolution: {integrity: sha512-k8RVM5aMhW86E9H0QXdquwojew4H3SwPxbRVbl49/COJQWCUjGi79X6mYruMnMPEznZinUiT1jgKbFo2A00NdA==}
    engines: {node: '>= 10'}
    cpu: [s390x]
    os: [linux]
    libc: [glibc]

  '@napi-rs/lzma-linux-x64-gnu@1.4.5':
    resolution: {integrity: sha512-6rMtBgnIq2Wcl1rQdZsnM+rtCcVCbws1nF8S2NzaUsVaZv8bjrPiAa0lwg4Eqnn1d9lgwqT+cZgm5m+//K08Kw==}
    engines: {node: '>= 10'}
    cpu: [x64]
    os: [linux]
    libc: [glibc]

  '@napi-rs/lzma-linux-x64-musl@1.4.5':
    resolution: {integrity: sha512-eiadGBKi7Vd0bCArBUOO/qqRYPHt/VQVvGyYvDFt6C2ZSIjlD+HuOl+2oS1sjf4CFjK4eDIog6EdXnL0NE6iyQ==}
    engines: {node: '>= 10'}
    cpu: [x64]
    os: [linux]
    libc: [musl]

  '@napi-rs/lzma-wasm32-wasi@1.4.5':
    resolution: {integrity: sha512-+VyHHlr68dvey6fXc2hehw9gHVFIW3TtGF1XkcbAu65qVXsA9D/T+uuoRVqhE+JCyFHFrO0ixRbZDRK1XJt1sA==}
    engines: {node: '>=14.0.0'}
    cpu: [wasm32]

  '@napi-rs/lzma-win32-arm64-msvc@1.4.5':
    resolution: {integrity: sha512-eewnqvIyyhHi3KaZtBOJXohLvwwN27gfS2G/YDWdfHlbz1jrmfeHAmzMsP5qv8vGB+T80TMHNkro4kYjeh6Deg==}
    engines: {node: '>= 10'}
    cpu: [arm64]
    os: [win32]

  '@napi-rs/lzma-win32-ia32-msvc@1.4.5':
    resolution: {integrity: sha512-OeacFVRCJOKNU/a0ephUfYZ2Yt+NvaHze/4TgOwJ0J0P4P7X1mHzN+ig9Iyd74aQDXYqc7kaCXA2dpAOcH87Cg==}
    engines: {node: '>= 10'}
    cpu: [ia32]
    os: [win32]

  '@napi-rs/lzma-win32-x64-msvc@1.4.5':
    resolution: {integrity: sha512-T4I1SamdSmtyZgDXGAGP+y5LEK5vxHUFwe8mz6D4R7Sa5/WCxTcCIgPJ9BD7RkpO17lzhlaM2vmVvMy96Lvk9Q==}
    engines: {node: '>= 10'}
    cpu: [x64]
    os: [win32]

  '@napi-rs/lzma@1.4.5':
    resolution: {integrity: sha512-zS5LuN1OBPAyZpda2ZZgYOEDC+xecUdAGnrvbYzjnLXkrq/OBC3B9qcRvlxbDR3k5H/gVfvef1/jyUqPknqjbg==}
    engines: {node: '>= 10'}

  '@napi-rs/wasm-runtime@0.2.12':
    resolution: {integrity: sha512-ZVWUcfwY4E/yPitQJl481FjFo3K22D6qF0DuFH6Y/nbnE11GY5uguDxZMGXPQ8WQ0128MXQD7TnfHyK4oWoIJQ==}

  '@napi-rs/wasm-runtime@1.1.4':
    resolution: {integrity: sha512-3NQNNgA1YSlJb/kMH1ildASP9HW7/7kYnRI2szWJaofaS1hWmbGI4H+d3+22aGzXXN9IJ+n+GiFVcGipJP18ow==}
    peerDependencies:
      '@emnapi/core': ^1.7.1
      '@emnapi/runtime': ^1.7.1

  '@oxc-parser/binding-android-arm64@0.76.0':
    resolution: {integrity: sha512-1XJW/16CDmF5bHE7LAyPPmEEVnxSadDgdJz+xiLqBrmC4lfAeuAfRw3HlOygcPGr+AJsbD4Z5sFJMkwjbSZlQg==}
    engines: {node: '>=20.0.0'}
    cpu: [arm64]
    os: [android]

  '@oxc-parser/binding-darwin-arm64@0.76.0':
    resolution: {integrity: sha512-yoQwSom8xsB+JdGsPUU0xxmxLKiF2kdlrK7I56WtGKZilixuBf/TmOwNYJYLRWkBoW5l2/pDZOhBm2luwmLiLw==}
    engines: {node: '>=20.0.0'}
    cpu: [arm64]
    os: [darwin]

  '@oxc-parser/binding-darwin-x64@0.76.0':
    resolution: {integrity: sha512-uRIopPLvr3pf2Xj7f5LKyCuqzIU6zOS+zEIR8UDYhcgJyZHnvBkfrYnfcztyIcrGdQehrFUi3uplmI09E7RdiQ==}
    engines: {node: '>=20.0.0'}
    cpu: [x64]
    os: [darwin]

  '@oxc-parser/binding-freebsd-x64@0.76.0':
    resolution: {integrity: sha512-a0EOFvnOd2FqmDSvH6uWLROSlU6KV/JDKbsYDA/zRLyKcG6HCsmFnPsp8iV7/xr9WMbNgyJi6R5IMpePQlUq7Q==}
    engines: {node: '>=20.0.0'}
    cpu: [x64]
    os: [freebsd]

  '@oxc-parser/binding-linux-arm-gnueabihf@0.76.0':
    resolution: {integrity: sha512-ikRYDHL3fOdZwfJKmcdqjlLgkeNZ3Ez0qM8wAev5zlHZ+lY/Ig7qG5SCqPlvuTu+nNQ6zrFFaKvvt69EBKXU/g==}
    engines: {node: '>=20.0.0'}
    cpu: [arm]
    os: [linux]

  '@oxc-parser/binding-linux-arm-musleabihf@0.76.0':
    resolution: {integrity: sha512-dtRv5J5MRCLR7x39K8ufIIW4svIc7gYFUaI0YFXmmeOBhK/K2t/CkguPnDroKtsmXIPHDRtmJ1JJYzNcgJl6Wg==}
    engines: {node: '>=20.0.0'}
    cpu: [arm]
    os: [linux]

  '@oxc-parser/binding-linux-arm64-gnu@0.76.0':
    resolution: {integrity: sha512-IE4iiiggFH2snagQxHrY5bv6dDpRMMat+vdlMN/ibonA65eOmRLp8VLTXnDiNrcla/itJ1L9qGABHNKU+SnE8g==}
    engines: {node: '>=20.0.0'}
    cpu: [arm64]
    os: [linux]
    libc: [glibc]

  '@oxc-parser/binding-linux-arm64-musl@0.76.0':
    resolution: {integrity: sha512-wi9zQPMDHrBuRuT7Iurfidc9qlZh7cKa5vfYzOWNBCaqJdgxmNOFzvYen02wVUxSWGKhpiPHxrPX0jdRyJ8Npg==}
    engines: {node: '>=20.0.0'}
    cpu: [arm64]
    os: [linux]
    libc: [musl]

  '@oxc-parser/binding-linux-riscv64-gnu@0.76.0':
    resolution: {integrity: sha512-0tqqu1pqPee2lLGY8vtYlX1L415fFn89e0a3yp4q5N9f03j1rRs0R31qesTm3bt/UK8HYjECZ+56FCVPs2MEMQ==}
    engines: {node: '>=20.0.0'}
    cpu: [riscv64]
    os: [linux]
    libc: [glibc]

  '@oxc-parser/binding-linux-s390x-gnu@0.76.0':
    resolution: {integrity: sha512-y36Hh1a5TA+oIGtlc8lT7N9vdHXBlhBetQJW0p457KbiVQ7jF7AZkaPWhESkjHWAsTVKD2OjCa9ZqfaqhSI0FQ==}
    engines: {node: '>=20.0.0'}
    cpu: [s390x]
    os: [linux]
    libc: [glibc]

  '@oxc-parser/binding-linux-x64-gnu@0.76.0':
    resolution: {integrity: sha512-7/acaG9htovp3gp/J0kHgbItQTuHctl+rbqPPqZ9DRBYTz8iV8kv3QN8t8Or8i/hOmOjfZp9McDoSU1duoR4/A==}
    engines: {node: '>=20.0.0'}
    cpu: [x64]
    os: [linux]
    libc: [glibc]

  '@oxc-parser/binding-linux-x64-musl@0.76.0':
    resolution: {integrity: sha512-AxFt0reY6Q2rfudABmMTFGR8tFFr58NlH2rRBQgcj+F+iEwgJ+jMwAPhXd2y1I2zaI8GspuahedUYQinqxWqjA==}
    engines: {node: '>=20.0.0'}
    cpu: [x64]
    os: [linux]
    libc: [musl]

  '@oxc-parser/binding-wasm32-wasi@0.76.0':
    resolution: {integrity: sha512-wHdkHdhf6AWBoO8vs5cpoR6zEFY1rB+fXWtq6j/xb9j/lu1evlujRVMkh8IM/M/pOUIrNkna3nzST/mRImiveQ==}
    engines: {node: '>=14.0.0'}
    cpu: [wasm32]

  '@oxc-parser/binding-win32-arm64-msvc@0.76.0':
    resolution: {integrity: sha512-G7ZlEWcb2hNwCK3qalzqJoyB6HaTigQ/GEa7CU8sAJ/WwMdG/NnPqiC9IqpEAEy1ARSo4XMALfKbKNuqbSs5mg==}
    engines: {node: '>=20.0.0'}
    cpu: [arm64]
    os: [win32]

  '@oxc-parser/binding-win32-x64-msvc@0.76.0':
    resolution: {integrity: sha512-0jLzzmnu8/mqNhKBnNS2lFUbPEzRdj5ReiZwHGHpjma0+ullmmwP2AqSEqx3ssHDK9CpcEMdKOK2LsbCfhHKIA==}
    engines: {node: '>=20.0.0'}
    cpu: [x64]
    os: [win32]

  '@oxc-project/types@0.76.0':
    resolution: {integrity: sha512-CH3THIrSViKal8yV/Wh3FK0pFhp40nzW1MUDCik9fNuid2D/7JJXKJnfFOAvMxInGXDlvmgT6ACAzrl47TqzkQ==}

  '@tybys/wasm-util@0.10.2':
    resolution: {integrity: sha512-RoBvJ2X0wuKlWFIjrwffGw1IqZHKQqzIchKaadZZfnNpsAYp2mM0h36JtPCjNDAHGgYez/15uMBpfGwchhiMgg==}

  acorn@8.16.0:
    resolution: {integrity: sha512-UVJyE9MttOsBQIDKw1skb9nAwQuR5wuGD3+82K6JgJlm/Y+KI92oNsMNGZCYdDsVtRHSak0pcV5Dno5+4jh9sw==}
    engines: {node: '>=0.4.0'}
    hasBin: true

  ansi-regex@6.2.2:
    resolution: {integrity: sha512-Bq3SmSpyFHaWjPk8If9yc6svM8c56dB5BAtW4Qbw5jHTwwXXcTLoRMkpDJp6VL0XzlWaCHTXrkFURMYmD0sLqg==}
    engines: {node: '>=12'}

  binaryen@123.0.0:
    resolution: {integrity: sha512-/hls/a309aZCc0itqP6uhoR+5DsKSlJVfB8Opd2BY9Ndghs84IScTunlyidyF4r2Xe3lQttnfBNIDjaNpj6mTw==}
    hasBin: true

  buffer-from@1.1.2:
    resolution: {integrity: sha512-E+XQCRwSbaaiChtv6k6Dwgc+bx+Bs6vuKJHHl5kox/BaKbhiXzqQOwK4cO22yElGp2OCmjwVhT3HmxgyPGnJfQ==}

  chalk@5.6.2:
    resolution: {integrity: sha512-7NzBL0rN6fMUW+f7A6Io4h40qQlG+xGmtMxfbnH/K7TAtt8JQWVQK+6g0UXKMeVJoyV5EkkNsErQ8pVD3bLHbA==}
    engines: {node: ^12.17.0 || ^14.13 || >=16.0.0}

  chownr@3.0.0:
    resolution: {integrity: sha512-+IxzY9BZOQd/XuYPRmrvEVjF/nqj5kgT4kEq7VofrDoM1MxoRjEWkrCC3EtLi59TVawxTAn+orJwFQcrqEN1+g==}
    engines: {node: '>=18'}

  cli-cursor@5.0.0:
    resolution: {integrity: sha512-aCj4O5wKyszjMmDT4tZj93kxyydN/K5zPWSCe6/0AV/AA1pqe5ZBIw0a2ZfPQV7lL5/yb5HsUreJ6UFAF1tEQw==}
    engines: {node: '>=18'}

  cli-spinners@2.9.2:
    resolution: {integrity: sha512-ywqV+5MmyL4E7ybXgKys4DugZbX0FC6LnwrhjuykIjnK9k8OQacQ7axGKnjDXWNhns0xot3bZI5h55H8yo9cJg==}
    engines: {node: '>=6'}

  commander@14.0.3:
    resolution: {integrity: sha512-H+y0Jo/T1RZ9qPP4Eh1pkcQcLRglraJaSLoyOtHxu6AapkjWVCy2Sit1QQ4x3Dng8qDlSsZEet7g5Pq06MvTgw==}
    engines: {node: '>=20'}

  commander@2.20.3:
    resolution: {integrity: sha512-GpVkmM8vF2vQUkj2LvZmD35JxeJOLCwJ9cUkugyk2nuhbv3+mJvpLYYt+0+USMxE+oj+ey/lJEnhZw75x/OMcQ==}

  emoji-regex@10.6.0:
    resolution: {integrity: sha512-toUI84YS5YmxW219erniWD0CIVOo46xGKColeNQRgOzDorgBi1v4D71/OFzgD9GO2UGKIv1C3Sp8DAn0+j5w7A==}

  es-module-lexer@1.7.0:
    resolution: {integrity: sha512-jEQoCwk8hyb2AZziIOLhDqpm5+2ww5uIE6lkO/6jcOCusfk6LhMHpXXfBLXTZ7Ydyt0j4VoUQv6uGNYbdW+kBA==}

  fflate@0.8.3:
    resolution: {integrity: sha512-tbZNuJrLwGUp3zshBtdy4W+ORxZuIh8a5ilyIEQDC5rY1f3U20JMry0Ll3WBzU58EZKsEuJFXhb5gwv8CsPvgA==}

  get-east-asian-width@1.6.0:
    resolution: {integrity: sha512-QRbvDIbx6YklUe6RxeTeleMR0yv3cYH6PsPZHcnVn7xv7zO1BHN8r0XETu8n6Ye3Q+ahtSarc3WgtNWmehIBfA==}
    engines: {node: '>=18'}

  is-interactive@2.0.0:
    resolution: {integrity: sha512-qP1vozQRI+BMOPcjFzrjXuQvdak2pHNUMZoeG2eRbiSqyvbEf/wQtEOTOX1guk6E3t36RkaqiSt8A/6YElNxLQ==}
    engines: {node: '>=12'}

  is-unicode-supported@1.3.0:
    resolution: {integrity: sha512-43r2mRvz+8JRIKnWJ+3j8JtjRKZ6GmjzfaE/qiBJnikNnYv/6bagRJ1kUhNk8R5EX/GkobD+r+sfxCPJsiKBLQ==}
    engines: {node: '>=12'}

  is-unicode-supported@2.1.0:
    resolution: {integrity: sha512-mE00Gnza5EEB3Ds0HfMyllZzbBrmLOX3vfWoj9A9PEnTfratQ/BcaJOuMhnkhjXvb2+FkY3VuHqtAGpTPmglFQ==}
    engines: {node: '>=18'}

  log-symbols@6.0.0:
    resolution: {integrity: sha512-i24m8rpwhmPIS4zscNzK6MSEhk0DUWa/8iYQWxhffV8jkI4Phvs3F+quL5xvS0gdQR0FyTCMMH33Y78dDTzzIw==}
    engines: {node: '>=18'}

  mimic-function@5.0.1:
    resolution: {integrity: sha512-VP79XUPxV2CigYP3jWwAUFSku2aKqBH7uTAapFWCBqutsbmDo96KY5o8uh6U+/YSIn5OxJnXp73beVkpqMIGhA==}
    engines: {node: '>=18'}

  minipass@7.1.3:
    resolution: {integrity: sha512-tEBHqDnIoM/1rXME1zgka9g6Q2lcoCkxHLuc7ODJ5BxbP5d4c2Z5cGgtXAku59200Cx7diuHTOYfSBD8n6mm8A==}
    engines: {node: '>=16 || 14 >=14.17'}

  minizlib@3.1.0:
    resolution: {integrity: sha512-KZxYo1BUkWD2TVFLr0MQoM8vUUigWD3LlD83a/75BqC+4qE0Hb1Vo5v1FgcfaNXvfXzr+5EhQ6ing/CaBijTlw==}
    engines: {node: '>= 18'}

  mkdirp@3.0.1:
    resolution: {integrity: sha512-+NsyUUAZDmo6YVHzL/stxSu3t9YS1iljliy3BSDrXJ/dkn1KYdmtZODGGjLcc9XLgVVpH4KshHB8XmZgMhaBXg==}
    engines: {node: '>=10'}
    hasBin: true

  onetime@7.0.0:
    resolution: {integrity: sha512-VXJjc87FScF88uafS3JllDgvAm+c/Slfz06lorj2uAY34rlUu0Nt+v8wreiImcrgAjjIHp1rXpTDlLOGw29WwQ==}
    engines: {node: '>=18'}

  ora@8.2.0:
    resolution: {integrity: sha512-weP+BZ8MVNnlCm8c0Qdc1WSWq4Qn7I+9CJGm7Qali6g44e/PUzbjNqJX5NJ9ljlNMosfJvg1fKEGILklK9cwnw==}
    engines: {node: '>=18'}

  oxc-parser@0.76.0:
    resolution: {integrity: sha512-l98B2e9evuhES7zN99rb1QGhbzx25829TJFaKi2j0ib3/K/G5z1FdGYz6HZkrU3U8jdH7v2FC8mX1j2l9JrOUg==}
    engines: {node: '>=20.0.0'}

  restore-cursor@5.1.0:
    resolution: {integrity: sha512-oMA2dcrw6u0YfxJQXm342bFKX/E4sG9rbTzO9ptUcR/e8A33cHuvStiYOwH7fszkZlZ1z/ta9AAoPk2F4qIOHA==}
    engines: {node: '>=18'}

  signal-exit@4.1.0:
    resolution: {integrity: sha512-bzyZ1e88w9O1iNJbKnOlvYTrWPDl46O1bG0D3XInv+9tkPrxrN8jUUTiFlDkkmKWgn1M6CfIA13SuGqOa9Korw==}
    engines: {node: '>=14'}

  source-map-support@0.5.21:
    resolution: {integrity: sha512-uBHU3L3czsIyYXKX88fdrGovxdSCoTGDRZ6SYXtSRxLZUzHg5P/66Ht6uoUlHu9EZod+inXhKo3qQgwXUT/y1w==}

  source-map@0.6.1:
    resolution: {integrity: sha512-UjgapumWlbMhkBgzT7Ykc5YXUT46F0iKu8SGXq0bcwP5dz/h0Plj6enJqjz1Zbq2l5WaqYnrVbwWOWMyF3F47g==}
    engines: {node: '>=0.10.0'}

  stdin-discarder@0.2.2:
    resolution: {integrity: sha512-UhDfHmA92YAlNnCfhmq0VeNL5bDbiZGg7sZ2IvPsXubGkiNa9EC+tUTsjBRsYUAz87btI6/1wf4XoVvQ3uRnmQ==}
    engines: {node: '>=18'}

  string-width@7.2.0:
    resolution: {integrity: sha512-tsaTIkKW9b4N+AEj+SVA+WhJzV7/zMhcSu78mLKWSk7cXMOSHsBKFWUs0fWwq8QyK3MgJBQRX6Gbi4kYbdvGkQ==}
    engines: {node: '>=18'}

  strip-ansi@7.2.0:
    resolution: {integrity: sha512-yDPMNjp4WyfYBkHnjIRLfca1i6KMyGCtsVgoKe/z1+6vukgaENdgGBZt+ZmKPc4gavvEZ5OgHfHdrazhgNyG7w==}
    engines: {node: '>=12'}

  tar@7.5.22:
    resolution: {integrity: sha512-MFO/QzvtAOmJbkhOaCTvbGcFN9L9b+JunIsDwaKljSOdcLMea3NJ1k9Usz/rjdfSXTq4dfzfeS7W4p4YOAAHeA==}
    engines: {node: '>=18'}

  terser@5.48.0:
    resolution: {integrity: sha512-J/9An6vs9Us6wKRriSFXBWdRZapREHqFzdNUKk0pmu804EMR6dr6winwo7e5JDxN4xahxQsuysyYFwlwj4XN/Q==}
    engines: {node: '>=10'}
    hasBin: true

  tslib@2.8.1:
    resolution: {integrity: sha512-oJFu94HQb+KVduSUQL7wnpmqnfmLsOA/nAh6b6EH0wCEoK0/mPeXU6c3wKDV83MkOuHPRHtSXKKU99IBazS/2w==}

  yallist@5.0.0:
    resolution: {integrity: sha512-YgvUTfwqyc7UXVMrB+SImsVYSmTS8X/tSrtdNZMImM+n7+QTriRXyXim0mBrTXNeqzVF0KWGgHPeiyViFFrNDw==}
    engines: {node: '>=18'}

snapshots:

  '@bytecodealliance/componentize-js@0.19.3(@emnapi/core@1.10.0)(@emnapi/runtime@1.10.0)':
    dependencies:
      '@bytecodealliance/jco': 1.19.0(@emnapi/core@1.10.0)(@emnapi/runtime@1.10.0)
      '@bytecodealliance/wizer': 10.0.0
      es-module-lexer: 1.7.0
      oxc-parser: 0.76.0
    transitivePeerDependencies:
      - '@emnapi/core'
      - '@emnapi/runtime'

  '@bytecodealliance/componentize-js@0.20.0(@emnapi/core@1.10.0)(@emnapi/runtime@1.10.0)':
    dependencies:
      '@bytecodealliance/jco': 1.19.0(@emnapi/core@1.10.0)(@emnapi/runtime@1.10.0)
      '@bytecodealliance/weval': 0.5.0(@emnapi/core@1.10.0)(@emnapi/runtime@1.10.0)
      '@bytecodealliance/wizer': 10.0.0
      es-module-lexer: 1.7.0
      oxc-parser: 0.76.0
    transitivePeerDependencies:
      - '@emnapi/core'
      - '@emnapi/runtime'

  '@bytecodealliance/componentize-js@0.22.0(@emnapi/core@1.10.0)(@emnapi/runtime@1.10.0)':
    dependencies:
      '@bytecodealliance/jco': 1.19.0(@emnapi/core@1.10.0)(@emnapi/runtime@1.10.0)
      '@bytecodealliance/weval': 0.5.0(@emnapi/core@1.10.0)(@emnapi/runtime@1.10.0)
      '@bytecodealliance/wizer': 10.0.0
      es-module-lexer: 1.7.0
      oxc-parser: 0.76.0
    transitivePeerDependencies:
      - '@emnapi/core'
      - '@emnapi/runtime'

  '@bytecodealliance/jco@1.19.0(@emnapi/core@1.10.0)(@emnapi/runtime@1.10.0)':
    dependencies:
      '@bytecodealliance/componentize-js': 0.20.0(@emnapi/core@1.10.0)(@emnapi/runtime@1.10.0)
      '@bytecodealliance/componentize-js-0-19-3': '@bytecodealliance/componentize-js@0.19.3(@emnapi/core@1.10.0)(@emnapi/runtime@1.10.0)'
      '@bytecodealliance/preview2-shim': 0.17.9
      binaryen: 123.0.0
      commander: 14.0.3
      mkdirp: 3.0.1
      ora: 8.2.0
      terser: 5.48.0
    transitivePeerDependencies:
      - '@emnapi/core'
      - '@emnapi/runtime'

  '@bytecodealliance/preview2-shim@0.17.9': {}

  '@bytecodealliance/weval@0.5.0(@emnapi/core@1.10.0)(@emnapi/runtime@1.10.0)':
    dependencies:
      '@napi-rs/lzma': 1.4.5(@emnapi/core@1.10.0)(@emnapi/runtime@1.10.0)
      fflate: 0.8.3
      tar: 7.5.22
    transitivePeerDependencies:
      - '@emnapi/core'
      - '@emnapi/runtime'

  '@bytecodealliance/wizer-darwin-arm64@10.0.0':
    optional: true

  '@bytecodealliance/wizer-darwin-x64@10.0.0':
    optional: true

  '@bytecodealliance/wizer-linux-arm64@10.0.0':
    optional: true

  '@bytecodealliance/wizer-linux-s390x@10.0.0':
    optional: true

  '@bytecodealliance/wizer-linux-x64@10.0.0':
    optional: true

  '@bytecodealliance/wizer-win32-x64@10.0.0':
    optional: true

  '@bytecodealliance/wizer@10.0.0':
    optionalDependencies:
      '@bytecodealliance/wizer-darwin-arm64': 10.0.0
      '@bytecodealliance/wizer-darwin-x64': 10.0.0
      '@bytecodealliance/wizer-linux-arm64': 10.0.0
      '@bytecodealliance/wizer-linux-s390x': 10.0.0
      '@bytecodealliance/wizer-linux-x64': 10.0.0
      '@bytecodealliance/wizer-win32-x64': 10.0.0

  '@emnapi/core@1.10.0':
    dependencies:
      '@emnapi/wasi-threads': 1.2.1
      tslib: 2.8.1
    optional: true

  '@emnapi/runtime@1.10.0':
    dependencies:
      tslib: 2.8.1
    optional: true

  '@emnapi/wasi-threads@1.2.1':
    dependencies:
      tslib: 2.8.1
    optional: true

  '@isaacs/fs-minipass@4.0.1':
    dependencies:
      minipass: 7.1.3

  '@jridgewell/gen-mapping@0.3.13':
    dependencies:
      '@jridgewell/sourcemap-codec': 1.5.5
      '@jridgewell/trace-mapping': 0.3.31

  '@jridgewell/resolve-uri@3.1.2': {}

  '@jridgewell/source-map@0.3.11':
    dependencies:
      '@jridgewell/gen-mapping': 0.3.13
      '@jridgewell/trace-mapping': 0.3.31

  '@jridgewell/sourcemap-codec@1.5.5': {}

  '@jridgewell/trace-mapping@0.3.31':
    dependencies:
      '@jridgewell/resolve-uri': 3.1.2
      '@jridgewell/sourcemap-codec': 1.5.5

  '@napi-rs/lzma-android-arm-eabi@1.4.5':
    optional: true

  '@napi-rs/lzma-android-arm64@1.4.5':
    optional: true

  '@napi-rs/lzma-darwin-arm64@1.4.5':
    optional: true

  '@napi-rs/lzma-darwin-x64@1.4.5':
    optional: true

  '@napi-rs/lzma-freebsd-x64@1.4.5':
    optional: true

  '@napi-rs/lzma-linux-arm-gnueabihf@1.4.5':
    optional: true

  '@napi-rs/lzma-linux-arm64-gnu@1.4.5':
    optional: true

  '@napi-rs/lzma-linux-arm64-musl@1.4.5':
    optional: true

  '@napi-rs/lzma-linux-ppc64-gnu@1.4.5':
    optional: true

  '@napi-rs/lzma-linux-riscv64-gnu@1.4.5':
    optional: true

  '@napi-rs/lzma-linux-s390x-gnu@1.4.5':
    optional: true

  '@napi-rs/lzma-linux-x64-gnu@1.4.5':
    optional: true

  '@napi-rs/lzma-linux-x64-musl@1.4.5':
    optional: true

  '@napi-rs/lzma-wasm32-wasi@1.4.5(@emnapi/core@1.10.0)(@emnapi/runtime@1.10.0)':
    dependencies:
      '@napi-rs/wasm-runtime': 1.1.4(@emnapi/core@1.10.0)(@emnapi/runtime@1.10.0)
    transitivePeerDependencies:
      - '@emnapi/core'
      - '@emnapi/runtime'
    optional: true

  '@napi-rs/lzma-win32-arm64-msvc@1.4.5':
    optional: true

  '@napi-rs/lzma-win32-ia32-msvc@1.4.5':
    optional: true

  '@napi-rs/lzma-win32-x64-msvc@1.4.5':
    optional: true

  '@napi-rs/lzma@1.4.5(@emnapi/core@1.10.0)(@emnapi/runtime@1.10.0)':
    optionalDependencies:
      '@napi-rs/lzma-android-arm-eabi': 1.4.5
      '@napi-rs/lzma-android-arm64': 1.4.5
      '@napi-rs/lzma-darwin-arm64': 1.4.5
      '@napi-rs/lzma-darwin-x64': 1.4.5
      '@napi-rs/lzma-freebsd-x64': 1.4.5
      '@napi-rs/lzma-linux-arm-gnueabihf': 1.4.5
      '@napi-rs/lzma-linux-arm64-gnu': 1.4.5
      '@napi-rs/lzma-linux-arm64-musl': 1.4.5
      '@napi-rs/lzma-linux-ppc64-gnu': 1.4.5
      '@napi-rs/lzma-linux-riscv64-gnu': 1.4.5
      '@napi-rs/lzma-linux-s390x-gnu': 1.4.5
      '@napi-rs/lzma-linux-x64-gnu': 1.4.5
      '@napi-rs/lzma-linux-x64-musl': 1.4.5
      '@napi-rs/lzma-wasm32-wasi': 1.4.5(@emnapi/core@1.10.0)(@emnapi/runtime@1.10.0)
      '@napi-rs/lzma-win32-arm64-msvc': 1.4.5
      '@napi-rs/lzma-win32-ia32-msvc': 1.4.5
      '@napi-rs/lzma-win32-x64-msvc': 1.4.5
    transitivePeerDependencies:
      - '@emnapi/core'
      - '@emnapi/runtime'

  '@napi-rs/wasm-runtime@0.2.12':
    dependencies:
      '@emnapi/core': 1.10.0
      '@emnapi/runtime': 1.10.0
      '@tybys/wasm-util': 0.10.2
    optional: true

  '@napi-rs/wasm-runtime@1.1.4(@emnapi/core@1.10.0)(@emnapi/runtime@1.10.0)':
    dependencies:
      '@emnapi/core': 1.10.0
      '@emnapi/runtime': 1.10.0
      '@tybys/wasm-util': 0.10.2
    optional: true

  '@oxc-parser/binding-android-arm64@0.76.0':
    optional: true

  '@oxc-parser/binding-darwin-arm64@0.76.0':
    optional: true

  '@oxc-parser/binding-darwin-x64@0.76.0':
    optional: true

  '@oxc-parser/binding-freebsd-x64@0.76.0':
    optional: true

  '@oxc-parser/binding-linux-arm-gnueabihf@0.76.0':
    optional: true

  '@oxc-parser/binding-linux-arm-musleabihf@0.76.0':
    optional: true

  '@oxc-parser/binding-linux-arm64-gnu@0.76.0':
    optional: true

  '@oxc-parser/binding-linux-arm64-musl@0.76.0':
    optional: true

  '@oxc-parser/binding-linux-riscv64-gnu@0.76.0':
    optional: true

  '@oxc-parser/binding-linux-s390x-gnu@0.76.0':
    optional: true

  '@oxc-parser/binding-linux-x64-gnu@0.76.0':
    optional: true

  '@oxc-parser/binding-linux-x64-musl@0.76.0':
    optional: true

  '@oxc-parser/binding-wasm32-wasi@0.76.0':
    dependencies:
      '@napi-rs/wasm-runtime': 0.2.12
    optional: true

  '@oxc-parser/binding-win32-arm64-msvc@0.76.0':
    optional: true

  '@oxc-parser/binding-win32-x64-msvc@0.76.0':
    optional: true

  '@oxc-project/types@0.76.0': {}

  '@tybys/wasm-util@0.10.2':
    dependencies:
      tslib: 2.8.1
    optional: true

  acorn@8.16.0: {}

  ansi-regex@6.2.2: {}

  binaryen@123.0.0: {}

  buffer-from@1.1.2: {}

  chalk@5.6.2: {}

  chownr@3.0.0: {}

  cli-cursor@5.0.0:
    dependencies:
      restore-cursor: 5.1.0

  cli-spinners@2.9.2: {}

  commander@14.0.3: {}

  commander@2.20.3: {}

  emoji-regex@10.6.0: {}

  es-module-lexer@1.7.0: {}

  fflate@0.8.3: {}

  get-east-asian-width@1.6.0: {}

  is-interactive@2.0.0: {}

  is-unicode-supported@1.3.0: {}

  is-unicode-supported@2.1.0: {}

  log-symbols@6.0.0:
    dependencies:
      chalk: 5.6.2
      is-unicode-supported: 1.3.0

  mimic-function@5.0.1: {}

  minipass@7.1.3: {}

  minizlib@3.1.0:
    dependencies:
      minipass: 7.1.3

  mkdirp@3.0.1: {}

  onetime@7.0.0:
    dependencies:
      mimic-function: 5.0.1

  ora@8.2.0:
    dependencies:
      chalk: 5.6.2
      cli-cursor: 5.0.0
      cli-spinners: 2.9.2
      is-interactive: 2.0.0
      is-unicode-supported: 2.1.0
      log-symbols: 6.0.0
      stdin-discarder: 0.2.2
      string-width: 7.2.0
      strip-ansi: 7.2.0

  oxc-parser@0.76.0:
    dependencies:
      '@oxc-project/types': 0.76.0
    optionalDependencies:
      '@oxc-parser/binding-android-arm64': 0.76.0
      '@oxc-parser/binding-darwin-arm64': 0.76.0
      '@oxc-parser/binding-darwin-x64': 0.76.0
      '@oxc-parser/binding-freebsd-x64': 0.76.0
      '@oxc-parser/binding-linux-arm-gnueabihf': 0.76.0
      '@oxc-parser/binding-linux-arm-musleabihf': 0.76.0
      '@oxc-parser/binding-linux-arm64-gnu': 0.76.0
      '@oxc-parser/binding-linux-arm64-musl': 0.76.0
      '@oxc-parser/binding-linux-riscv64-gnu': 0.76.0
      '@oxc-parser/binding-linux-s390x-gnu': 0.76.0
      '@oxc-parser/binding-linux-x64-gnu': 0.76.0
      '@oxc-parser/binding-linux-x64-musl': 0.76.0
      '@oxc-parser/binding-wasm32-wasi': 0.76.0
      '@oxc-parser/binding-win32-arm64-msvc': 0.76.0
      '@oxc-parser/binding-win32-x64-msvc': 0.76.0

  restore-cursor@5.1.0:
    dependencies:
      onetime: 7.0.0
      signal-exit: 4.1.0

  signal-exit@4.1.0: {}

  source-map-support@0.5.21:
    dependencies:
      buffer-from: 1.1.2
      source-map: 0.6.1

  source-map@0.6.1: {}

  stdin-discarder@0.2.2: {}

  string-width@7.2.0:
    dependencies:
      emoji-regex: 10.6.0
      get-east-asian-width: 1.6.0
      strip-ansi: 7.2.0

  strip-ansi@7.2.0:
    dependencies:
      ansi-regex: 6.2.2

  tar@7.5.22:
    dependencies:
      '@isaacs/fs-minipass': 4.0.1
      chownr: 3.0.0
      minipass: 7.1.3
      minizlib: 3.1.0
      yallist: 5.0.0

  terser@5.48.0:
    dependencies:
      '@jridgewell/source-map': 0.3.11
      acorn: 8.16.0
      commander: 2.20.3
      source-map-support: 0.5.21

  tslib@2.8.1:
    optional: true

  yallist@5.0.0: {}
