# This file is automatically generated.
# It is not intended for manual editing.
version = 1

[[packages]]
name = "wasi:cli"
registry = "wasi.dev"

[[packages.versions]]
requirement = "=0.2.6"
version = "0.2.6"
digest = "sha256:fdbe84136b3dd46d94305ef37f24f3cf04a70cc2026dca2592ac2ec0c9de15c7"

[[packages]]
name = "wasi:config"
registry = "wasi.dev"

[[packages.versions]]
requirement = "=0.2.0-draft"
version = "0.2.0-draft"
digest = "sha256:aa2d36d0843999edad80a13bf22f4529277f7b6012429f8a5d1f9499f3793c1a"

[[packages]]
name = "wasi:http"
registry = "wasi.dev"

[[packages.versions]]
requirement = "=0.2.6"
version = "0.2.6"
digest = "sha256:26a636620af0485dfcfc9a0563a0606564eedcf3fcabda031ab4d4ec0e505ff1"
