# This file is automatically generated.
# It is not intended for manual editing.
version = 1

[[packages]]
name = "wasi:filesystem"
registry = "wasi.dev"

[[packages.versions]]
requirement = "=0.2.8"
version = "0.2.8"
digest = "sha256:367255390ce1245d37dfca5d5680d3a87b655d13cd7cd2b9bc4572863883f9b5"
